
Microsoft Visual Studio Solution File, Format Version 12.00
# Visual Studio Version 17
VisualStudioVersion = 17.14.36518.9 d17.14
MinimumVisualStudioVersion = 10.0.40219.1
Project("{FAE04EC0-301F-11D3-BF4B-00C04F79EFBC}") = "kaskest", "kaskest\kaskest.csproj", "{B03D5F9A-AA09-4275-849C-AD7C423B6B04}"
EndProject
Global
	GlobalSection(SolutionConfigurationPlatforms) = preSolution
		Debug|Any CPU = Debug|Any CPU
		Release|Any CPU = Release|Any CPU
	EndGlobalSection
	GlobalSection(ProjectConfigurationPlatforms) = postSolution
		{B03D5F9A-AA09-4275-849C-AD7C423B6B04}.Debug|Any CPU.ActiveCfg = Debug|Any CPU
		{B03D5F9A-AA09-4275-849C-AD7C423B6B04}.Debug|Any CPU.Build.0 = Debug|Any CPU
		{B03D5F9A-AA09-4275-849C-AD7C423B6B04}.Release|Any CPU.ActiveCfg = Release|Any CPU
		{B03D5F9A-AA09-4275-849C-AD7C423B6B04}.Release|Any CPU.Build.0 = Release|Any CPU
	EndGlobalSection
	GlobalSection(SolutionProperties) = preSolution
		HideSolutionNode = FALSE
	EndGlobalSection
	GlobalSection(ExtensibilityGlobals) = postSolution
		SolutionGuid = {C47D6655-0E31-453B-B552-C206A7F4441A}
	EndGlobalSection
EndGlobal
